
Microsoft Visual Studio Solution File, Format Version 12.00
# Visual Studio Version 16
VisualStudioVersion = 16.0.32802.440
MinimumVisualStudioVersion = 10.0.40219.1
Project("{FAE04EC0-301F-11D3-BF4B-00C04F79EFBC}") = "Alışveriş", "Alışveriş\Alışveriş.csproj", "{FBFB7D00-B8B1-4A19-858F-6897E2698D8E}"
EndProject
Global
	GlobalSection(SolutionConfigurationPlatforms) = preSolution
		Debug|Any CPU = Debug|Any CPU
		Release|Any CPU = Release|Any CPU
	EndGlobalSection
	GlobalSection(ProjectConfigurationPlatforms) = postSolution
		{FBFB7D00-B8B1-4A19-858F-6897E2698D8E}.Debug|Any CPU.ActiveCfg = Debug|Any CPU
		{FBFB7D00-B8B1-4A19-858F-6897E2698D8E}.Debug|Any CPU.Build.0 = Debug|Any CPU
		{FBFB7D00-B8B1-4A19-858F-6897E2698D8E}.Release|Any CPU.ActiveCfg = Release|Any CPU
		{FBFB7D00-B8B1-4A19-858F-6897E2698D8E}.Release|Any CPU.Build.0 = Release|Any CPU
	EndGlobalSection
	GlobalSection(SolutionProperties) = preSolution
		HideSolutionNode = FALSE
	EndGlobalSection
	GlobalSection(ExtensibilityGlobals) = postSolution
		SolutionGuid = {048F090B-12BE-42A1-A99E-70A8C699EF80}
	EndGlobalSection
EndGlobal
